// !$*UTF8*$!
{
	archiveVersion = 1;
	classes = {
	};
	objectVersion = 56;
	objects = {

/* Begin PBXBuildFile section */
		38FAAE922A62216D00514DD6 /* ExamplePDFApp.swift in Sources */ = {isa = PBXBuildFile; fileRef = 38FAAE912A62216D00514DD6 /* ExamplePDFApp.swift */; };
		38FAAE942A62216D00514DD6 /* ContentView.swift in Sources */ = {isa = PBXBuildFile; fileRef = 38FAAE932A62216D00514DD6 /* ContentView.swift */; };
		38FAAE962A62216E00514DD6 /* Assets.xcassets in Resources */ = {isa = PBXBuildFile; fileRef = 38FAAE952A62216E00514DD6 /* Assets.xcassets */; };
		38FAAE992A62216E00514DD6 /* Preview Assets.xcassets in Resources */ = {isa = PBXBuildFile; fileRef = 38FAAE982A62216E00514DD6 /* Preview Assets.xcassets */; };
		38FAAEA12A6221B500514DD6 /* ReleaseInfo.swift in Sources */ = {isa = PBXBuildFile; fileRef = 38FAAEA02A6221B500514DD6 /* ReleaseInfo.swift */; };
		38FAAEA42A62464500514DD6 /* TPPDF in Frameworks */ = {isa = PBXBuildFile; productRef = 38FAAEA32A62464500514DD6 /* TPPDF */; };
		38FAAEAD2A63283300514DD6 /* ExamplePDF12App.swift in Sources */ = {isa = PBXBuildFile; fileRef = 38FAAEAC2A63283300514DD6 /* ExamplePDF12App.swift */; };
		38FAAEAF2A63283300514DD6 /* ContentView.swift in Sources */ = {isa = PBXBuildFile; fileRef = 38FAAEAE2A63283300514DD6 /* ContentView.swift */; };
		38FAAEB12A63283400514DD6 /* Assets.xcassets in Resources */ = {isa = PBXBuildFile; fileRef = 38FAAEB02A63283400514DD6 /* Assets.xcassets */; };
		38FAAEB42A63283500514DD6 /* Preview Assets.xcassets in Resources */ = {isa = PBXBuildFile; fileRef = 38FAAEB32A63283500514DD6 /* Preview Assets.xcassets */; };
		38FAAEB92A63285C00514DD6 /* ReleaseInfo.swift in Sources */ = {isa = PBXBuildFile; fileRef = 38FAAEA02A6221B500514DD6 /* ReleaseInfo.swift */; };
		38FAAEBC2A632E4D00514DD6 /* PDFGeneration.swift in Sources */ = {isa = PBXBuildFile; fileRef = 38FAAEBB2A632E4D00514DD6 /* PDFGeneration.swift */; };
		38FAAEBD2A63302400514DD6 /* PDFGeneration.swift in Sources */ = {isa = PBXBuildFile; fileRef = 38FAAEBB2A632E4D00514DD6 /* PDFGeneration.swift */; };
		38FAAEC12A6348F300514DD6 /* TPPDF in Frameworks */ = {isa = PBXBuildFile; productRef = 38FAAEC02A6348F300514DD6 /* TPPDF */; };
/* End PBXBuildFile section */

/* Begin PBXFileReference section */
		38FAAE8E2A62216D00514DD6 /* ExamplePDF.app */ = {isa = PBXFileReference; explicitFileType = wrapper.application; includeInIndex = 0; path = ExamplePDF.app; sourceTree = BUILT_PRODUCTS_DIR; };
		38FAAE912A62216D00514DD6 /* ExamplePDFApp.swift */ = {isa = PBXFileReference; lastKnownFileType = sourcecode.swift; path = ExamplePDFApp.swift; sourceTree = "<group>"; };
		38FAAE932A62216D00514DD6 /* ContentView.swift */ = {isa = PBXFileReference; lastKnownFileType = sourcecode.swift; path = ContentView.swift; sourceTree = "<group>"; };
		38FAAE952A62216E00514DD6 /* Assets.xcassets */ = {isa = PBXFileReference; lastKnownFileType = folder.assetcatalog; path = Assets.xcassets; sourceTree = "<group>"; };
		38FAAE982A62216E00514DD6 /* Preview Assets.xcassets */ = {isa = PBXFileReference; lastKnownFileType = folder.assetcatalog; path = "Preview Assets.xcassets"; sourceTree = "<group>"; };
		38FAAE9A2A62216E00514DD6 /* ExamplePDF.entitlements */ = {isa = PBXFileReference; lastKnownFileType = text.plist.entitlements; path = ExamplePDF.entitlements; sourceTree = "<group>"; };
		38FAAEA02A6221B500514DD6 /* ReleaseInfo.swift */ = {isa = PBXFileReference; lastKnownFileType = sourcecode.swift; path = ReleaseInfo.swift; sourceTree = "<group>"; };
		38FAAEA52A62467700514DD6 /* README.md */ = {isa = PBXFileReference; lastKnownFileType = net.daringfireball.markdown; path = README.md; sourceTree = "<group>"; };
		38FAAEAA2A63283300514DD6 /* ExamplePDF12.app */ = {isa = PBXFileReference; explicitFileType = wrapper.application; includeInIndex = 0; path = ExamplePDF12.app; sourceTree = BUILT_PRODUCTS_DIR; };
		38FAAEAC2A63283300514DD6 /* ExamplePDF12App.swift */ = {isa = PBXFileReference; lastKnownFileType = sourcecode.swift; path = ExamplePDF12App.swift; sourceTree = "<group>"; };
		38FAAEAE2A63283300514DD6 /* ContentView.swift */ = {isa = PBXFileReference; lastKnownFileType = sourcecode.swift; path = ContentView.swift; sourceTree = "<group>"; };
		38FAAEB02A63283400514DD6 /* Assets.xcassets */ = {isa = PBXFileReference; lastKnownFileType = folder.assetcatalog; path = Assets.xcassets; sourceTree = "<group>"; };
		38FAAEB32A63283500514DD6 /* Preview Assets.xcassets */ = {isa = PBXFileReference; lastKnownFileType = folder.assetcatalog; path = "Preview Assets.xcassets"; sourceTree = "<group>"; };
		38FAAEB52A63283500514DD6 /* ExamplePDF12.entitlements */ = {isa = PBXFileReference; lastKnownFileType = text.plist.entitlements; path = ExamplePDF12.entitlements; sourceTree = "<group>"; };
		38FAAEBA2A63289600514DD6 /* README.md */ = {isa = PBXFileReference; lastKnownFileType = net.daringfireball.markdown; path = README.md; sourceTree = "<group>"; };
		38FAAEBB2A632E4D00514DD6 /* PDFGeneration.swift */ = {isa = PBXFileReference; lastKnownFileType = sourcecode.swift; path = PDFGeneration.swift; sourceTree = "<group>"; };
/* End PBXFileReference section */

/* Begin PBXFrameworksBuildPhase section */
		38FAAE8B2A62216D00514DD6 /* Frameworks */ = {
			isa = PBXFrameworksBuildPhase;
			buildActionMask = 2147483647;
			files = (
				38FAAEA42A62464500514DD6 /* TPPDF in Frameworks */,
			);
			runOnlyForDeploymentPostprocessing = 0;
		};
		38FAAEA72A63283300514DD6 /* Frameworks */ = {
			isa = PBXFrameworksBuildPhase;
			buildActionMask = 2147483647;
			files = (
				38FAAEC12A6348F300514DD6 /* TPPDF in Frameworks */,
			);
			runOnlyForDeploymentPostprocessing = 0;
		};
/* End PBXFrameworksBuildPhase section */

/* Begin PBXGroup section */
		38FAAE852A62216D00514DD6 = {
			isa = PBXGroup;
			children = (
				38FAAEA52A62467700514DD6 /* README.md */,
				38FAAEBE2A63303200514DD6 /* Shared */,
				38FAAE902A62216D00514DD6 /* ExamplePDF */,
				38FAAEAB2A63283300514DD6 /* ExamplePDF12 */,
				38FAAE8F2A62216D00514DD6 /* Products */,
				38FAAEBF2A6348F300514DD6 /* Frameworks */,
			);
			sourceTree = "<group>";
		};
		38FAAE8F2A62216D00514DD6 /* Products */ = {
			isa = PBXGroup;
			children = (
				38FAAE8E2A62216D00514DD6 /* ExamplePDF.app */,
				38FAAEAA2A63283300514DD6 /* ExamplePDF12.app */,
			);
			name = Products;
			sourceTree = "<group>";
		};
		38FAAE902A62216D00514DD6 /* ExamplePDF */ = {
			isa = PBXGroup;
			children = (
				38FAAE912A62216D00514DD6 /* ExamplePDFApp.swift */,
				38FAAE932A62216D00514DD6 /* ContentView.swift */,
				38FAAE952A62216E00514DD6 /* Assets.xcassets */,
				38FAAE9A2A62216E00514DD6 /* ExamplePDF.entitlements */,
				38FAAE972A62216E00514DD6 /* Preview Content */,
			);
			path = ExamplePDF;
			sourceTree = "<group>";
		};
		38FAAE972A62216E00514DD6 /* Preview Content */ = {
			isa = PBXGroup;
			children = (
				38FAAE982A62216E00514DD6 /* Preview Assets.xcassets */,
			);
			path = "Preview Content";
			sourceTree = "<group>";
		};
		38FAAEAB2A63283300514DD6 /* ExamplePDF12 */ = {
			isa = PBXGroup;
			children = (
				38FAAEBA2A63289600514DD6 /* README.md */,
				38FAAEAC2A63283300514DD6 /* ExamplePDF12App.swift */,
				38FAAEAE2A63283300514DD6 /* ContentView.swift */,
				38FAAEB02A63283400514DD6 /* Assets.xcassets */,
				38FAAEB52A63283500514DD6 /* ExamplePDF12.entitlements */,
				38FAAEB22A63283400514DD6 /* Preview Content */,
			);
			path = ExamplePDF12;
			sourceTree = "<group>";
		};
		38FAAEB22A63283400514DD6 /* Preview Content */ = {
			isa = PBXGroup;
			children = (
				38FAAEB32A63283500514DD6 /* Preview Assets.xcassets */,
			);
			path = "Preview Content";
			sourceTree = "<group>";
		};
		38FAAEBE2A63303200514DD6 /* Shared */ = {
			isa = PBXGroup;
			children = (
				38FAAEBB2A632E4D00514DD6 /* PDFGeneration.swift */,
				38FAAEA02A6221B500514DD6 /* ReleaseInfo.swift */,
			);
			path = Shared;
			sourceTree = "<group>";
		};
		38FAAEBF2A6348F300514DD6 /* Frameworks */ = {
			isa = PBXGroup;
			children = (
			);
			name = Frameworks;
			sourceTree = "<group>";
		};
/* End PBXGroup section */

/* Begin PBXNativeTarget section */
		38FAAE8D2A62216D00514DD6 /* ExamplePDF */ = {
			isa = PBXNativeTarget;
			buildConfigurationList = 38FAAE9D2A62216E00514DD6 /* Build configuration list for PBXNativeTarget "ExamplePDF" */;
			buildPhases = (
				38FAAE8A2A62216D00514DD6 /* Sources */,
				38FAAE8B2A62216D00514DD6 /* Frameworks */,
				38FAAE8C2A62216D00514DD6 /* Resources */,
			);
			buildRules = (
			);
			dependencies = (
			);
			name = ExamplePDF;
			packageProductDependencies = (
				38FAAEA32A62464500514DD6 /* TPPDF */,
			);
			productName = ExamplePDF;
			productReference = 38FAAE8E2A62216D00514DD6 /* ExamplePDF.app */;
			productType = "com.apple.product-type.application";
		};
		38FAAEA92A63283300514DD6 /* ExamplePDF12 */ = {
			isa = PBXNativeTarget;
			buildConfigurationList = 38FAAEB82A63283500514DD6 /* Build configuration list for PBXNativeTarget "ExamplePDF12" */;
			buildPhases = (
				38FAAEA62A63283300514DD6 /* Sources */,
				38FAAEA72A63283300514DD6 /* Frameworks */,
				38FAAEA82A63283300514DD6 /* Resources */,
			);
			buildRules = (
			);
			dependencies = (
			);
			name = ExamplePDF12;
			packageProductDependencies = (
				38FAAEC02A6348F300514DD6 /* TPPDF */,
			);
			productName = ExamplePDF12;
			productReference = 38FAAEAA2A63283300514DD6 /* ExamplePDF12.app */;
			productType = "com.apple.product-type.application";
		};
/* End PBXNativeTarget section */

/* Begin PBXProject section */
		38FAAE862A62216D00514DD6 /* Project object */ = {
			isa = PBXProject;
			attributes = {
				BuildIndependentTargetsInParallel = 1;
				LastSwiftUpdateCheck = 1430;
				LastUpgradeCheck = 1430;
				TargetAttributes = {
					38FAAE8D2A62216D00514DD6 = {
						CreatedOnToolsVersion = 14.3.1;
					};
					38FAAEA92A63283300514DD6 = {
						CreatedOnToolsVersion = 14.3.1;
					};
				};
			};
			buildConfigurationList = 38FAAE892A62216D00514DD6 /* Build configuration list for PBXProject "ExamplePDF" */;
			compatibilityVersion = "Xcode 14.0";
			developmentRegion = en;
			hasScannedForEncodings = 0;
			knownRegions = (
				en,
				Base,
			);
			mainGroup = 38FAAE852A62216D00514DD6;
			packageReferences = (
				38FAAEA22A62464500514DD6 /* XCRemoteSwiftPackageReference "TPPDF" */,
			);
			productRefGroup = 38FAAE8F2A62216D00514DD6 /* Products */;
			projectDirPath = "";
			projectRoot = "";
			targets = (
				38FAAE8D2A62216D00514DD6 /* ExamplePDF */,
				38FAAEA92A63283300514DD6 /* ExamplePDF12 */,
			);
		};
/* End PBXProject section */

/* Begin PBXResourcesBuildPhase section */
		38FAAE8C2A62216D00514DD6 /* Resources */ = {
			isa = PBXResourcesBuildPhase;
			buildActionMask = 2147483647;
			files = (
				38FAAE992A62216E00514DD6 /* Preview Assets.xcassets in Resources */,
				38FAAE962A62216E00514DD6 /* Assets.xcassets in Resources */,
			);
			runOnlyForDeploymentPostprocessing = 0;
		};
		38FAAEA82A63283300514DD6 /* Resources */ = {
			isa = PBXResourcesBuildPhase;
			buildActionMask = 2147483647;
			files = (
				38FAAEB42A63283500514DD6 /* Preview Assets.xcassets in Resources */,
				38FAAEB12A63283400514DD6 /* Assets.xcassets in Resources */,
			);
			runOnlyForDeploymentPostprocessing = 0;
		};
/* End PBXResourcesBuildPhase section */

/* Begin PBXSourcesBuildPhase section */
		38FAAE8A2A62216D00514DD6 /* Sources */ = {
			isa = PBXSourcesBuildPhase;
			buildActionMask = 2147483647;
			files = (
				38FAAEBC2A632E4D00514DD6 /* PDFGeneration.swift in Sources */,
				38FAAE942A62216D00514DD6 /* ContentView.swift in Sources */,
				38FAAEA12A6221B500514DD6 /* ReleaseInfo.swift in Sources */,
				38FAAE922A62216D00514DD6 /* ExamplePDFApp.swift in Sources */,
			);
			runOnlyForDeploymentPostprocessing = 0;
		};
		38FAAEA62A63283300514DD6 /* Sources */ = {
			isa = PBXSourcesBuildPhase;
			buildActionMask = 2147483647;
			files = (
				38FAAEBD2A63302400514DD6 /* PDFGeneration.swift in Sources */,
				38FAAEB92A63285C00514DD6 /* ReleaseInfo.swift in Sources */,
				38FAAEAF2A63283300514DD6 /* ContentView.swift in Sources */,
				38FAAEAD2A63283300514DD6 /* ExamplePDF12App.swift in Sources */,
			);
			runOnlyForDeploymentPostprocessing = 0;
		};
/* End PBXSourcesBuildPhase section */

/* Begin XCBuildConfiguration section */
		38FAAE9B2A62216E00514DD6 /* Debug */ = {
			isa = XCBuildConfiguration;
			buildSettings = {
				ALWAYS_SEARCH_USER_PATHS = NO;
				CLANG_ANALYZER_NONNULL = YES;
				CLANG_ANALYZER_NUMBER_OBJECT_CONVERSION = YES_AGGRESSIVE;
				CLANG_CXX_LANGUAGE_STANDARD = "gnu++20";
				CLANG_ENABLE_MODULES = YES;
				CLANG_ENABLE_OBJC_ARC = YES;
				CLANG_ENABLE_OBJC_WEAK = YES;
				CLANG_WARN_BLOCK_CAPTURE_AUTORELEASING = YES;
				CLANG_WARN_BOOL_CONVERSION = YES;
				CLANG_WARN_COMMA = YES;
				CLANG_WARN_CONSTANT_CONVERSION = YES;
				CLANG_WARN_DEPRECATED_OBJC_IMPLEMENTATIONS = YES;
				CLANG_WARN_DIRECT_OBJC_ISA_USAGE = YES_ERROR;
				CLANG_WARN_DOCUMENTATION_COMMENTS = YES;
				CLANG_WARN_EMPTY_BODY = YES;
				CLANG_WARN_ENUM_CONVERSION = YES;
				CLANG_WARN_INFINITE_RECURSION = YES;
				CLANG_WARN_INT_CONVERSION = YES;
				CLANG_WARN_NON_LITERAL_NULL_CONVERSION = YES;
				CLANG_WARN_OBJC_IMPLICIT_RETAIN_SELF = YES;
				CLANG_WARN_OBJC_LITERAL_CONVERSION = YES;
				CLANG_WARN_OBJC_ROOT_CLASS = YES_ERROR;
				CLANG_WARN_QUOTED_INCLUDE_IN_FRAMEWORK_HEADER = YES;
				CLANG_WARN_RANGE_LOOP_ANALYSIS = YES;
				CLANG_WARN_STRICT_PROTOTYPES = YES;
				CLANG_WARN_SUSPICIOUS_MOVE = YES;
				CLANG_WARN_UNGUARDED_AVAILABILITY = YES_AGGRESSIVE;
				CLANG_WARN_UNREACHABLE_CODE = YES;
				CLANG_WARN__DUPLICATE_METHOD_MATCH = YES;
				COPY_PHASE_STRIP = NO;
				DEBUG_INFORMATION_FORMAT = dwarf;
				ENABLE_STRICT_OBJC_MSGSEND = YES;
				ENABLE_TESTABILITY = YES;
				GCC_C_LANGUAGE_STANDARD = gnu11;
				GCC_DYNAMIC_NO_PIC = NO;
				GCC_NO_COMMON_BLOCKS = YES;
				GCC_OPTIMIZATION_LEVEL = 0;
				GCC_PREPROCESSOR_DEFINITIONS = (
					"DEBUG=1",
					"$(inherited)",
				);
				GCC_WARN_64_TO_32_BIT_CONVERSION = YES;
				GCC_WARN_ABOUT_RETURN_TYPE = YES_ERROR;
				GCC_WARN_UNDECLARED_SELECTOR = YES;
				GCC_WARN_UNINITIALIZED_AUTOS = YES_AGGRESSIVE;
				GCC_WARN_UNUSED_FUNCTION = YES;
				GCC_WARN_UNUSED_VARIABLE = YES;
				MACOSX_DEPLOYMENT_TARGET = 13.3;
				MTL_ENABLE_DEBUG_INFO = INCLUDE_SOURCE;
				MTL_FAST_MATH = YES;
				ONLY_ACTIVE_ARCH = YES;
				SDKROOT = macosx;
				SWIFT_ACTIVE_COMPILATION_CONDITIONS = DEBUG;
				SWIFT_OPTIMIZATION_LEVEL = "-Onone";
			};
			name = Debug;
		};
		38FAAE9C2A62216E00514DD6 /* Release */ = {
			isa = XCBuildConfiguration;
			buildSettings = {
				ALWAYS_SEARCH_USER_PATHS = NO;
				CLANG_ANALYZER_NONNULL = YES;
				CLANG_ANALYZER_NUMBER_OBJECT_CONVERSION = YES_AGGRESSIVE;
				CLANG_CXX_LANGUAGE_STANDARD = "gnu++20";
				CLANG_ENABLE_MODULES = YES;
				CLANG_ENABLE_OBJC_ARC = YES;
				CLANG_ENABLE_OBJC_WEAK = YES;
				CLANG_WARN_BLOCK_CAPTURE_AUTORELEASING = YES;
				CLANG_WARN_BOOL_CONVERSION = YES;
				CLANG_WARN_COMMA = YES;
				CLANG_WARN_CONSTANT_CONVERSION = YES;
				CLANG_WARN_DEPRECATED_OBJC_IMPLEMENTATIONS = YES;
				CLANG_WARN_DIRECT_OBJC_ISA_USAGE = YES_ERROR;
				CLANG_WARN_DOCUMENTATION_COMMENTS = YES;
				CLANG_WARN_EMPTY_BODY = YES;
				CLANG_WARN_ENUM_CONVERSION = YES;
				CLANG_WARN_INFINITE_RECURSION = YES;
				CLANG_WARN_INT_CONVERSION = YES;
				CLANG_WARN_NON_LITERAL_NULL_CONVERSION = YES;
				CLANG_WARN_OBJC_IMPLICIT_RETAIN_SELF = YES;
				CLANG_WARN_OBJC_LITERAL_CONVERSION = YES;
				CLANG_WARN_OBJC_ROOT_CLASS = YES_ERROR;
				CLANG_WARN_QUOTED_INCLUDE_IN_FRAMEWORK_HEADER = YES;
				CLANG_WARN_RANGE_LOOP_ANALYSIS = YES;
				CLANG_WARN_STRICT_PROTOTYPES = YES;
				CLANG_WARN_SUSPICIOUS_MOVE = YES;
				CLANG_WARN_UNGUARDED_AVAILABILITY = YES_AGGRESSIVE;
				CLANG_WARN_UNREACHABLE_CODE = YES;
				CLANG_WARN__DUPLICATE_METHOD_MATCH = YES;
				COPY_PHASE_STRIP = NO;
				DEBUG_INFORMATION_FORMAT = "dwarf-with-dsym";
				ENABLE_NS_ASSERTIONS = NO;
				ENABLE_STRICT_OBJC_MSGSEND = YES;
				GCC_C_LANGUAGE_STANDARD = gnu11;
				GCC_NO_COMMON_BLOCKS = YES;
				GCC_WARN_64_TO_32_BIT_CONVERSION = YES;
				GCC_WARN_ABOUT_RETURN_TYPE = YES_ERROR;
				GCC_WARN_UNDECLARED_SELECTOR = YES;
				GCC_WARN_UNINITIALIZED_AUTOS = YES_AGGRESSIVE;
				GCC_WARN_UNUSED_FUNCTION = YES;
				GCC_WARN_UNUSED_VARIABLE = YES;
				MACOSX_DEPLOYMENT_TARGET = 13.3;
				MTL_ENABLE_DEBUG_INFO = NO;
				MTL_FAST_MATH = YES;
				SDKROOT = macosx;
				SWIFT_COMPILATION_MODE = wholemodule;
				SWIFT_OPTIMIZATION_LEVEL = "-O";
			};
			name = Release;
		};
		38FAAE9E2A62216E00514DD6 /* Debug */ = {
			isa = XCBuildConfiguration;
			buildSettings = {
				ASSETCATALOG_COMPILER_APPICON_NAME = AppIcon;
				ASSETCATALOG_COMPILER_GLOBAL_ACCENT_COLOR_NAME = AccentColor;
				CODE_SIGN_ENTITLEMENTS = ExamplePDF/ExamplePDF.entitlements;
				CODE_SIGN_STYLE = Automatic;
				COMBINE_HIDPI_IMAGES = YES;
				CURRENT_PROJECT_VERSION = 1;
				DEVELOPMENT_ASSET_PATHS = "\"ExamplePDF/Preview Content\"";
				DEVELOPMENT_TEAM = V3N8JZ2T92;
				ENABLE_HARDENED_RUNTIME = YES;
				ENABLE_PREVIEWS = YES;
				GENERATE_INFOPLIST_FILE = YES;
				INFOPLIST_KEY_NSHumanReadableCopyright = "";
				LD_RUNPATH_SEARCH_PATHS = (
					"$(inherited)",
					"@executable_path/../Frameworks",
				);
				MACOSX_DEPLOYMENT_TARGET = 11.0;
				MARKETING_VERSION = 1.0;
				PRODUCT_BUNDLE_IDENTIFIER = net.deirdre.ExamplePDF;
				PRODUCT_NAME = "$(TARGET_NAME)";
				SWIFT_EMIT_LOC_STRINGS = YES;
				SWIFT_VERSION = 5.0;
			};
			name = Debug;
		};
		38FAAE9F2A62216E00514DD6 /* Release */ = {
			isa = XCBuildConfiguration;
			buildSettings = {
				ASSETCATALOG_COMPILER_APPICON_NAME = AppIcon;
				ASSETCATALOG_COMPILER_GLOBAL_ACCENT_COLOR_NAME = AccentColor;
				CODE_SIGN_ENTITLEMENTS = ExamplePDF/ExamplePDF.entitlements;
				CODE_SIGN_STYLE = Automatic;
				COMBINE_HIDPI_IMAGES = YES;
				CURRENT_PROJECT_VERSION = 1;
				DEVELOPMENT_ASSET_PATHS = "\"ExamplePDF/Preview Content\"";
				DEVELOPMENT_TEAM = V3N8JZ2T92;
				ENABLE_HARDENED_RUNTIME = YES;
				ENABLE_PREVIEWS = YES;
				GENERATE_INFOPLIST_FILE = YES;
				INFOPLIST_KEY_NSHumanReadableCopyright = "";
				LD_RUNPATH_SEARCH_PATHS = (
					"$(inherited)",
					"@executable_path/../Frameworks",
				);
				MACOSX_DEPLOYMENT_TARGET = 11.0;
				MARKETING_VERSION = 1.0;
				PRODUCT_BUNDLE_IDENTIFIER = net.deirdre.ExamplePDF;
				PRODUCT_NAME = "$(TARGET_NAME)";
				SWIFT_EMIT_LOC_STRINGS = YES;
				SWIFT_VERSION = 5.0;
			};
			name = Release;
		};
		38FAAEB62A63283500514DD6 /* Debug */ = {
			isa = XCBuildConfiguration;
			buildSettings = {
				ASSETCATALOG_COMPILER_APPICON_NAME = AppIcon;
				ASSETCATALOG_COMPILER_GLOBAL_ACCENT_COLOR_NAME = AccentColor;
				CODE_SIGN_ENTITLEMENTS = ExamplePDF12/ExamplePDF12.entitlements;
				CODE_SIGN_STYLE = Automatic;
				COMBINE_HIDPI_IMAGES = YES;
				CURRENT_PROJECT_VERSION = 1;
				DEVELOPMENT_ASSET_PATHS = "\"ExamplePDF12/Preview Content\"";
				DEVELOPMENT_TEAM = V3N8JZ2T92;
				ENABLE_HARDENED_RUNTIME = YES;
				ENABLE_PREVIEWS = YES;
				GENERATE_INFOPLIST_FILE = YES;
				INFOPLIST_KEY_NSHumanReadableCopyright = "";
				LD_RUNPATH_SEARCH_PATHS = (
					"$(inherited)",
					"@executable_path/../Frameworks",
				);
				MACOSX_DEPLOYMENT_TARGET = 12.0;
				MARKETING_VERSION = 1.0;
				PRODUCT_BUNDLE_IDENTIFIER = net.deirdre.ExamplePDF12;
				PRODUCT_NAME = "$(TARGET_NAME)";
				SWIFT_EMIT_LOC_STRINGS = YES;
				SWIFT_VERSION = 5.0;
			};
			name = Debug;
		};
		38FAAEB72A63283500514DD6 /* Release */ = {
			isa = XCBuildConfiguration;
			buildSettings = {
				ASSETCATALOG_COMPILER_APPICON_NAME = AppIcon;
				ASSETCATALOG_COMPILER_GLOBAL_ACCENT_COLOR_NAME = AccentColor;
				CODE_SIGN_ENTITLEMENTS = ExamplePDF12/ExamplePDF12.entitlements;
				CODE_SIGN_STYLE = Automatic;
				COMBINE_HIDPI_IMAGES = YES;
				CURRENT_PROJECT_VERSION = 1;
				DEVELOPMENT_ASSET_PATHS = "\"ExamplePDF12/Preview Content\"";
				DEVELOPMENT_TEAM = V3N8JZ2T92;
				ENABLE_HARDENED_RUNTIME = YES;
				ENABLE_PREVIEWS = YES;
				GENERATE_INFOPLIST_FILE = YES;
				INFOPLIST_KEY_NSHumanReadableCopyright = "";
				LD_RUNPATH_SEARCH_PATHS = (
					"$(inherited)",
					"@executable_path/../Frameworks",
				);
				MACOSX_DEPLOYMENT_TARGET = 12.0;
				MARKETING_VERSION = 1.0;
				PRODUCT_BUNDLE_IDENTIFIER = net.deirdre.ExamplePDF12;
				PRODUCT_NAME = "$(TARGET_NAME)";
				SWIFT_EMIT_LOC_STRINGS = YES;
				SWIFT_VERSION = 5.0;
			};
			name = Release;
		};
/* End XCBuildConfiguration section */

/* Begin XCConfigurationList section */
		38FAAE892A62216D00514DD6 /* Build configuration list for PBXProject "ExamplePDF" */ = {
			isa = XCConfigurationList;
			buildConfigurations = (
				38FAAE9B2A62216E00514DD6 /* Debug */,
				38FAAE9C2A62216E00514DD6 /* Release */,
			);
			defaultConfigurationIsVisible = 0;
			defaultConfigurationName = Release;
		};
		38FAAE9D2A62216E00514DD6 /* Build configuration list for PBXNativeTarget "ExamplePDF" */ = {
			isa = XCConfigurationList;
			buildConfigurations = (
				38FAAE9E2A62216E00514DD6 /* Debug */,
				38FAAE9F2A62216E00514DD6 /* Release */,
			);
			defaultConfigurationIsVisible = 0;
			defaultConfigurationName = Release;
		};
		38FAAEB82A63283500514DD6 /* Build configuration list for PBXNativeTarget "ExamplePDF12" */ = {
			isa = XCConfigurationList;
			buildConfigurations = (
				38FAAEB62A63283500514DD6 /* Debug */,
				38FAAEB72A63283500514DD6 /* Release */,
			);
			defaultConfigurationIsVisible = 0;
			defaultConfigurationName = Release;
		};
/* End XCConfigurationList section */

/* Begin XCRemoteSwiftPackageReference section */
		38FAAEA22A62464500514DD6 /* XCRemoteSwiftPackageReference "TPPDF" */ = {
			isa = XCRemoteSwiftPackageReference;
			repositoryURL = "https://github.com/techprimate/TPPDF/";
			requirement = {
				kind = upToNextMajorVersion;
				minimumVersion = 2.0.0;
			};
		};
/* End XCRemoteSwiftPackageReference section */

/* Begin XCSwiftPackageProductDependency section */
		38FAAEA32A62464500514DD6 /* TPPDF */ = {
			isa = XCSwiftPackageProductDependency;
			package = 38FAAEA22A62464500514DD6 /* XCRemoteSwiftPackageReference "TPPDF" */;
			productName = TPPDF;
		};
		38FAAEC02A6348F300514DD6 /* TPPDF */ = {
			isa = XCSwiftPackageProductDependency;
			package = 38FAAEA22A62464500514DD6 /* XCRemoteSwiftPackageReference "TPPDF" */;
			productName = TPPDF;
		};
/* End XCSwiftPackageProductDependency section */
	};
	rootObject = 38FAAE862A62216D00514DD6 /* Project object */;
}
